// !$*UTF8*$!
{
	archiveVersion = 1;
	classes = {
	};
	objectVersion = 46;
	objects = {

/* Begin PBXBuildFile section */
		6B510CDF1EC31702007BBBC6 /* main.m in Sources */ = {isa = PBXBuildFile; fileRef = 6B510CDE1EC31702007BBBC6 /* main.m */; };
		6B510CE21EC31702007BBBC6 /* AppDelegate.m in Sources */ = {isa = PBXBuildFile; fileRef = 6B510CE11EC31702007BBBC6 /* AppDelegate.m */; };
		6B510CE51EC31702007BBBC6 /* ViewController.m in Sources */ = {isa = PBXBuildFile; fileRef = 6B510CE41EC31702007BBBC6 /* ViewController.m */; };
		6B510CE81EC31702007BBBC6 /* Main.storyboard in Resources */ = {isa = PBXBuildFile; fileRef = 6B510CE61EC31702007BBBC6 /* Main.storyboard */; };
		6B510CEA1EC31702007BBBC6 /* Assets.xcassets in Resources */ = {isa = PBXBuildFile; fileRef = 6B510CE91EC31702007BBBC6 /* Assets.xcassets */; };
		6B510CED1EC31702007BBBC6 /* LaunchScreen.storyboard in Resources */ = {isa = PBXBuildFile; fileRef = 6B510CEB1EC31702007BBBC6 /* LaunchScreen.storyboard */; };
		6B510CF81EC31702007BBBC6 /* RedEnvelopesTests.m in Sources */ = {isa = PBXBuildFile; fileRef = 6B510CF71EC31702007BBBC6 /* RedEnvelopesTests.m */; };
		6B510D031EC31703007BBBC6 /* RedEnvelopesUITests.m in Sources */ = {isa = PBXBuildFile; fileRef = 6B510D021EC31703007BBBC6 /* RedEnvelopesUITests.m */; };
/* End PBXBuildFile section */

/* Begin PBXContainerItemProxy section */
		6B510CF41EC31702007BBBC6 /* PBXContainerItemProxy */ = {
			isa = PBXContainerItemProxy;
			containerPortal = 6B510CD21EC31702007BBBC6 /* Project object */;
			proxyType = 1;
			remoteGlobalIDString = 6B510CD91EC31702007BBBC6;
			remoteInfo = RedEnvelopes;
		};
		6B510CFF1EC31703007BBBC6 /* PBXContainerItemProxy */ = {
			isa = PBXContainerItemProxy;
			containerPortal = 6B510CD21EC31702007BBBC6 /* Project object */;
			proxyType = 1;
			remoteGlobalIDString = 6B510CD91EC31702007BBBC6;
			remoteInfo = RedEnvelopes;
		};
/* End PBXContainerItemProxy section */

/* Begin PBXFileReference section */
		6B510CDA1EC31702007BBBC6 /* RedEnvelopes.app */ = {isa = PBXFileReference; explicitFileType = wrapper.application; includeInIndex = 0; path = RedEnvelopes.app; sourceTree = BUILT_PRODUCTS_DIR; };
		6B510CDE1EC31702007BBBC6 /* main.m */ = {isa = PBXFileReference; lastKnownFileType = sourcecode.c.objc; path = main.m; sourceTree = "<group>"; };
		6B510CE01EC31702007BBBC6 /* AppDelegate.h */ = {isa = PBXFileReference; lastKnownFileType = sourcecode.c.h; path = AppDelegate.h; sourceTree = "<group>"; };
		6B510CE11EC31702007BBBC6 /* AppDelegate.m */ = {isa = PBXFileReference; lastKnownFileType = sourcecode.c.objc; path = AppDelegate.m; sourceTree = "<group>"; };
		6B510CE31EC31702007BBBC6 /* ViewController.h */ = {isa = PBXFileReference; lastKnownFileType = sourcecode.c.h; path = ViewController.h; sourceTree = "<group>"; };
		6B510CE41EC31702007BBBC6 /* ViewController.m */ = {isa = PBXFileReference; lastKnownFileType = sourcecode.c.objc; path = ViewController.m; sourceTree = "<group>"; };
		6B510CE71EC31702007BBBC6 /* Base */ = {isa = PBXFileReference; lastKnownFileType = file.storyboard; name = Base; path = Base.lproj/Main.storyboard; sourceTree = "<group>"; };
		6B510CE91EC31702007BBBC6 /* Assets.xcassets */ = {isa = PBXFileReference; lastKnownFileType = folder.assetcatalog; path = Assets.xcassets; sourceTree = "<group>"; };
		6B510CEC1EC31702007BBBC6 /* Base */ = {isa = PBXFileReference; lastKnownFileType = file.storyboard; name = Base; path = Base.lproj/LaunchScreen.storyboard; sourceTree = "<group>"; };
		6B510CEE1EC31702007BBBC6 /* Info.plist */ = {isa = PBXFileReference; lastKnownFileType = text.plist.xml; path = Info.plist; sourceTree = "<group>"; };
		6B510CF31EC31702007BBBC6 /* RedEnvelopesTests.xctest */ = {isa = PBXFileReference; explicitFileType = wrapper.cfbundle; includeInIndex = 0; path = RedEnvelopesTests.xctest; sourceTree = BUILT_PRODUCTS_DIR; };
		6B510CF71EC31702007BBBC6 /* RedEnvelopesTests.m */ = {isa = PBXFileReference; lastKnownFileType = sourcecode.c.objc; path = RedEnvelopesTests.m; sourceTree = "<group>"; };
		6B510CF91EC31703007BBBC6 /* Info.plist */ = {isa = PBXFileReference; lastKnownFileType = text.plist.xml; path = Info.plist; sourceTree = "<group>"; };
		6B510CFE1EC31703007BBBC6 /* RedEnvelopesUITests.xctest */ = {isa = PBXFileReference; explicitFileType = wrapper.cfbundle; includeInIndex = 0; path = RedEnvelopesUITests.xctest; sourceTree = BUILT_PRODUCTS_DIR; };
		6B510D021EC31703007BBBC6 /* RedEnvelopesUITests.m */ = {isa = PBXFileReference; lastKnownFileType = sourcecode.c.objc; path = RedEnvelopesUITests.m; sourceTree = "<group>"; };
		6B510D041EC31703007BBBC6 /* Info.plist */ = {isa = PBXFileReference; lastKnownFileType = text.plist.xml; path = Info.plist; sourceTree = "<group>"; };
/* End PBXFileReference section */

/* Begin PBXFrameworksBuildPhase section */
		6B510CD71EC31702007BBBC6 /* Frameworks */ = {
			isa = PBXFrameworksBuildPhase;
			buildActionMask = 2147483647;
			files = (
			);
			runOnlyForDeploymentPostprocessing = 0;
		};
		6B510CF01EC31702007BBBC6 /* Frameworks */ = {
			isa = PBXFrameworksBuildPhase;
			buildActionMask = 2147483647;
			files = (
			);
			runOnlyForDeploymentPostprocessing = 0;
		};
		6B510CFB1EC31703007BBBC6 /* Frameworks */ = {
			isa = PBXFrameworksBuildPhase;
			buildActionMask = 2147483647;
			files = (
			);
			runOnlyForDeploymentPostprocessing = 0;
		};
/* End PBXFrameworksBuildPhase section */

/* Begin PBXGroup section */
		6B510CD11EC31702007BBBC6 = {
			isa = PBXGroup;
			children = (
				6B510CDC1EC31702007BBBC6 /* RedEnvelopes */,
				6B510CF61EC31702007BBBC6 /* RedEnvelopesTests */,
				6B510D011EC31703007BBBC6 /* RedEnvelopesUITests */,
				6B510CDB1EC31702007BBBC6 /* Products */,
			);
			sourceTree = "<group>";
		};
		6B510CDB1EC31702007BBBC6 /* Products */ = {
			isa = PBXGroup;
			children = (
				6B510CDA1EC31702007BBBC6 /* RedEnvelopes.app */,
				6B510CF31EC31702007BBBC6 /* RedEnvelopesTests.xctest */,
				6B510CFE1EC31703007BBBC6 /* RedEnvelopesUITests.xctest */,
			);
			name = Products;
			sourceTree = "<group>";
		};
		6B510CDC1EC31702007BBBC6 /* RedEnvelopes */ = {
			isa = PBXGroup;
			children = (
				6B510CE01EC31702007BBBC6 /* AppDelegate.h */,
				6B510CE11EC31702007BBBC6 /* AppDelegate.m */,
				6B510CE31EC31702007BBBC6 /* ViewController.h */,
				6B510CE41EC31702007BBBC6 /* ViewController.m */,
				6B510CE61EC31702007BBBC6 /* Main.storyboard */,
				6B510CE91EC31702007BBBC6 /* Assets.xcassets */,
				6B510CEB1EC31702007BBBC6 /* LaunchScreen.storyboard */,
				6B510CEE1EC31702007BBBC6 /* Info.plist */,
				6B510CDD1EC31702007BBBC6 /* Supporting Files */,
			);
			path = RedEnvelopes;
			sourceTree = "<group>";
		};
		6B510CDD1EC31702007BBBC6 /* Supporting Files */ = {
			isa = PBXGroup;
			children = (
				6B510CDE1EC31702007BBBC6 /* main.m */,
			);
			name = "Supporting Files";
			sourceTree = "<group>";
		};
		6B510CF61EC31702007BBBC6 /* RedEnvelopesTests */ = {
			isa = PBXGroup;
			children = (
				6B510CF71EC31702007BBBC6 /* RedEnvelopesTests.m */,
				6B510CF91EC31703007BBBC6 /* Info.plist */,
			);
			path = RedEnvelopesTests;
			sourceTree = "<group>";
		};
		6B510D011EC31703007BBBC6 /* RedEnvelopesUITests */ = {
			isa = PBXGroup;
			children = (
				6B510D021EC31703007BBBC6 /* RedEnvelopesUITests.m */,
				6B510D041EC31703007BBBC6 /* Info.plist */,
			);
			path = RedEnvelopesUITests;
			sourceTree = "<group>";
		};
/* End PBXGroup section */

/* Begin PBXNativeTarget section */
		6B510CD91EC31702007BBBC6 /* RedEnvelopes */ = {
			isa = PBXNativeTarget;
			buildConfigurationList = 6B510D071EC31703007BBBC6 /* Build configuration list for PBXNativeTarget "RedEnvelopes" */;
			buildPhases = (
				6B510CD61EC31702007BBBC6 /* Sources */,
				6B510CD71EC31702007BBBC6 /* Frameworks */,
				6B510CD81EC31702007BBBC6 /* Resources */,
			);
			buildRules = (
			);
			dependencies = (
			);
			name = RedEnvelopes;
			productName = RedEnvelopes;
			productReference = 6B510CDA1EC31702007BBBC6 /* RedEnvelopes.app */;
			productType = "com.apple.product-type.application";
		};
		6B510CF21EC31702007BBBC6 /* RedEnvelopesTests */ = {
			isa = PBXNativeTarget;
			buildConfigurationList = 6B510D0A1EC31703007BBBC6 /* Build configuration list for PBXNativeTarget "RedEnvelopesTests" */;
			buildPhases = (
				6B510CEF1EC31702007BBBC6 /* Sources */,
				6B510CF01EC31702007BBBC6 /* Frameworks */,
				6B510CF11EC31702007BBBC6 /* Resources */,
			);
			buildRules = (
			);
			dependencies = (
				6B510CF51EC31702007BBBC6 /* PBXTargetDependency */,
			);
			name = RedEnvelopesTests;
			productName = RedEnvelopesTests;
			productReference = 6B510CF31EC31702007BBBC6 /* RedEnvelopesTests.xctest */;
			productType = "com.apple.product-type.bundle.unit-test";
		};
		6B510CFD1EC31703007BBBC6 /* RedEnvelopesUITests */ = {
			isa = PBXNativeTarget;
			buildConfigurationList = 6B510D0D1EC31703007BBBC6 /* Build configuration list for PBXNativeTarget "RedEnvelopesUITests" */;
			buildPhases = (
				6B510CFA1EC31703007BBBC6 /* Sources */,
				6B510CFB1EC31703007BBBC6 /* Frameworks */,
				6B510CFC1EC31703007BBBC6 /* Resources */,
			);
			buildRules = (
			);
			dependencies = (
				6B510D001EC31703007BBBC6 /* PBXTargetDependency */,
			);
			name = RedEnvelopesUITests;
			productName = RedEnvelopesUITests;
			productReference = 6B510CFE1EC31703007BBBC6 /* RedEnvelopesUITests.xctest */;
			productType = "com.apple.product-type.bundle.ui-testing";
		};
/* End PBXNativeTarget section */

/* Begin PBXProject section */
		6B510CD21EC31702007BBBC6 /* Project object */ = {
			isa = PBXProject;
			attributes = {
				LastUpgradeCheck = 0830;
				ORGANIZATIONNAME = "曾富田";
				TargetAttributes = {
					6B510CD91EC31702007BBBC6 = {
						CreatedOnToolsVersion = 8.3.2;
						DevelopmentTeam = BW3X4QNV6N;
						ProvisioningStyle = Automatic;
					};
					6B510CF21EC31702007BBBC6 = {
						CreatedOnToolsVersion = 8.3.2;
						DevelopmentTeam = BW3X4QNV6N;
						ProvisioningStyle = Automatic;
						TestTargetID = 6B510CD91EC31702007BBBC6;
					};
					6B510CFD1EC31703007BBBC6 = {
						CreatedOnToolsVersion = 8.3.2;
						DevelopmentTeam = BW3X4QNV6N;
						ProvisioningStyle = Automatic;
						TestTargetID = 6B510CD91EC31702007BBBC6;
					};
				};
			};
			buildConfigurationList = 6B510CD51EC31702007BBBC6 /* Build configuration list for PBXProject "RedEnvelopes" */;
			compatibilityVersion = "Xcode 3.2";
			developmentRegion = English;
			hasScannedForEncodings = 0;
			knownRegions = (
				en,
				Base,
			);
			mainGroup = 6B510CD11EC31702007BBBC6;
			productRefGroup = 6B510CDB1EC31702007BBBC6 /* Products */;
			projectDirPath = "";
			projectRoot = "";
			targets = (
				6B510CD91EC31702007BBBC6 /* RedEnvelopes */,
				6B510CF21EC31702007BBBC6 /* RedEnvelopesTests */,
				6B510CFD1EC31703007BBBC6 /* RedEnvelopesUITests */,
			);
		};
/* End PBXProject section */

/* Begin PBXResourcesBuildPhase section */
		6B510CD81EC31702007BBBC6 /* Resources */ = {
			isa = PBXResourcesBuildPhase;
			buildActionMask = 2147483647;
			files = (
				6B510CED1EC31702007BBBC6 /* LaunchScreen.storyboard in Resources */,
				6B510CEA1EC31702007BBBC6 /* Assets.xcassets in Resources */,
				6B510CE81EC31702007BBBC6 /* Main.storyboard in Resources */,
			);
			runOnlyForDeploymentPostprocessing = 0;
		};
		6B510CF11EC31702007BBBC6 /* Resources */ = {
			isa = PBXResourcesBuildPhase;
			buildActionMask = 2147483647;
			files = (
			);
			runOnlyForDeploymentPostprocessing = 0;
		};
		6B510CFC1EC31703007BBBC6 /* Resources */ = {
			isa = PBXResourcesBuildPhase;
			buildActionMask = 2147483647;
			files = (
			);
			runOnlyForDeploymentPostprocessing = 0;
		};
/* End PBXResourcesBuildPhase section */

/* Begin PBXSourcesBuildPhase section */
		6B510CD61EC31702007BBBC6 /* Sources */ = {
			isa = PBXSourcesBuildPhase;
			buildActionMask = 2147483647;
			files = (
				6B510CE51EC31702007BBBC6 /* ViewController.m in Sources */,
				6B510CE21EC31702007BBBC6 /* AppDelegate.m in Sources */,
				6B510CDF1EC31702007BBBC6 /* main.m in Sources */,
			);
			runOnlyForDeploymentPostprocessing = 0;
		};
		6B510CEF1EC31702007BBBC6 /* Sources */ = {
			isa = PBXSourcesBuildPhase;
			buildActionMask = 2147483647;
			files = (
				6B510CF81EC31702007BBBC6 /* RedEnvelopesTests.m in Sources */,
			);
			runOnlyForDeploymentPostprocessing = 0;
		};
		6B510CFA1EC31703007BBBC6 /* Sources */ = {
			isa = PBXSourcesBuildPhase;
			buildActionMask = 2147483647;
			files = (
				6B510D031EC31703007BBBC6 /* RedEnvelopesUITests.m in Sources */,
			);
			runOnlyForDeploymentPostprocessing = 0;
		};
/* End PBXSourcesBuildPhase section */

/* Begin PBXTargetDependency section */
		6B510CF51EC31702007BBBC6 /* PBXTargetDependency */ = {
			isa = PBXTargetDependency;
			target = 6B510CD91EC31702007BBBC6 /* RedEnvelopes */;
			targetProxy = 6B510CF41EC31702007BBBC6 /* PBXContainerItemProxy */;
		};
		6B510D001EC31703007BBBC6 /* PBXTargetDependency */ = {
			isa = PBXTargetDependency;
			target = 6B510CD91EC31702007BBBC6 /* RedEnvelopes */;
			targetProxy = 6B510CFF1EC31703007BBBC6 /* PBXContainerItemProxy */;
		};
/* End PBXTargetDependency section */

/* Begin PBXVariantGroup section */
		6B510CE61EC31702007BBBC6 /* Main.storyboard */ = {
			isa = PBXVariantGroup;
			children = (
				6B510CE71EC31702007BBBC6 /* Base */,
			);
			name = Main.storyboard;
			sourceTree = "<group>";
		};
		6B510CEB1EC31702007BBBC6 /* LaunchScreen.storyboard */ = {
			isa = PBXVariantGroup;
			children = (
				6B510CEC1EC31702007BBBC6 /* Base */,
			);
			name = LaunchScreen.storyboard;
			sourceTree = "<group>";
		};
/* End PBXVariantGroup section */

/* Begin XCBuildConfiguration section */
		6B510D051EC31703007BBBC6 /* Debug */ = {
			isa = XCBuildConfiguration;
			buildSettings = {
				ALWAYS_SEARCH_USER_PATHS = NO;
				CLANG_ANALYZER_NONNULL = YES;
				CLANG_ANALYZER_NUMBER_OBJECT_CONVERSION = YES_AGGRESSIVE;
				CLANG_CXX_LANGUAGE_STANDARD = "gnu++0x";
				CLANG_CXX_LIBRARY = "libc++";
				CLANG_ENABLE_MODULES = YES;
				CLANG_ENABLE_OBJC_ARC = YES;
				CLANG_WARN_BOOL_CONVERSION = YES;
				CLANG_WARN_CONSTANT_CONVERSION = YES;
				CLANG_WARN_DIRECT_OBJC_ISA_USAGE = YES_ERROR;
				CLANG_WARN_DOCUMENTATION_COMMENTS = YES;
				CLANG_WARN_EMPTY_BODY = YES;
				CLANG_WARN_ENUM_CONVERSION = YES;
				CLANG_WARN_INFINITE_RECURSION = YES;
				CLANG_WARN_INT_CONVERSION = YES;
				CLANG_WARN_OBJC_ROOT_CLASS = YES_ERROR;
				CLANG_WARN_SUSPICIOUS_MOVE = YES;
				CLANG_WARN_UNREACHABLE_CODE = YES;
				CLANG_WARN__DUPLICATE_METHOD_MATCH = YES;
				"CODE_SIGN_IDENTITY[sdk=iphoneos*]" = "iPhone Developer";
				COPY_PHASE_STRIP = NO;
				DEBUG_INFORMATION_FORMAT = dwarf;
				ENABLE_STRICT_OBJC_MSGSEND = YES;
				ENABLE_TESTABILITY = YES;
				GCC_C_LANGUAGE_STANDARD = gnu99;
				GCC_DYNAMIC_NO_PIC = NO;
				GCC_NO_COMMON_BLOCKS = YES;
				GCC_OPTIMIZATION_LEVEL = 0;
				GCC_PREPROCESSOR_DEFINITIONS = (
					"DEBUG=1",
					"$(inherited)",
				);
				GCC_WARN_64_TO_32_BIT_CONVERSION = YES;
				GCC_WARN_ABOUT_RETURN_TYPE = YES_ERROR;
				GCC_WARN_UNDECLARED_SELECTOR = YES;
				GCC_WARN_UNINITIALIZED_AUTOS = YES_AGGRESSIVE;
				GCC_WARN_UNUSED_FUNCTION = YES;
				GCC_WARN_UNUSED_VARIABLE = YES;
				IPHONEOS_DEPLOYMENT_TARGET = 10.3;
				MTL_ENABLE_DEBUG_INFO = YES;
				ONLY_ACTIVE_ARCH = YES;
				SDKROOT = iphoneos;
				TARGETED_DEVICE_FAMILY = "1,2";
			};
			name = Debug;
		};
		6B510D061EC31703007BBBC6 /* Release */ = {
			isa = XCBuildConfiguration;
			buildSettings = {
				ALWAYS_SEARCH_USER_PATHS = NO;
				CLANG_ANALYZER_NONNULL = YES;
				CLANG_ANALYZER_NUMBER_OBJECT_CONVERSION = YES_AGGRESSIVE;
				CLANG_CXX_LANGUAGE_STANDARD = "gnu++0x";
				CLANG_CXX_LIBRARY = "libc++";
				CLANG_ENABLE_MODULES = YES;
				CLANG_ENABLE_OBJC_ARC = YES;
				CLANG_WARN_BOOL_CONVERSION = YES;
				CLANG_WARN_CONSTANT_CONVERSION = YES;
				CLANG_WARN_DIRECT_OBJC_ISA_USAGE = YES_ERROR;
				CLANG_WARN_DOCUMENTATION_COMMENTS = YES;
				CLANG_WARN_EMPTY_BODY = YES;
				CLANG_WARN_ENUM_CONVERSION = YES;
				CLANG_WARN_INFINITE_RECURSION = YES;
				CLANG_WARN_INT_CONVERSION = YES;
				CLANG_WARN_OBJC_ROOT_CLASS = YES_ERROR;
				CLANG_WARN_SUSPICIOUS_MOVE = YES;
				CLANG_WARN_UNREACHABLE_CODE = YES;
				CLANG_WARN__DUPLICATE_METHOD_MATCH = YES;
				"CODE_SIGN_IDENTITY[sdk=iphoneos*]" = "iPhone Developer";
				COPY_PHASE_STRIP = NO;
				DEBUG_INFORMATION_FORMAT = "dwarf-with-dsym";
				ENABLE_NS_ASSERTIONS = NO;
				ENABLE_STRICT_OBJC_MSGSEND = YES;
				GCC_C_LANGUAGE_STANDARD = gnu99;
				GCC_NO_COMMON_BLOCKS = YES;
				GCC_WARN_64_TO_32_BIT_CONVERSION = YES;
				GCC_WARN_ABOUT_RETURN_TYPE = YES_ERROR;
				GCC_WARN_UNDECLARED_SELECTOR = YES;
				GCC_WARN_UNINITIALIZED_AUTOS = YES_AGGRESSIVE;
				GCC_WARN_UNUSED_FUNCTION = YES;
				GCC_WARN_UNUSED_VARIABLE = YES;
				IPHONEOS_DEPLOYMENT_TARGET = 10.3;
				MTL_ENABLE_DEBUG_INFO = NO;
				SDKROOT = iphoneos;
				TARGETED_DEVICE_FAMILY = "1,2";
				VALIDATE_PRODUCT = YES;
			};
			name = Release;
		};
		6B510D081EC31703007BBBC6 /* Debug */ = {
			isa = XCBuildConfiguration;
			buildSettings = {
				ASSETCATALOG_COMPILER_APPICON_NAME = AppIcon;
				DEVELOPMENT_TEAM = BW3X4QNV6N;
				INFOPLIST_FILE = RedEnvelopes/Info.plist;
				IPHONEOS_DEPLOYMENT_TARGET = 8.0;
				LD_RUNPATH_SEARCH_PATHS = "$(inherited) @executable_path/Frameworks";
				PRODUCT_BUNDLE_IDENTIFIER = kdhc.RedEnvelopes;
				PRODUCT_NAME = "$(TARGET_NAME)";
				TARGETED_DEVICE_FAMILY = "1,2";
			};
			name = Debug;
		};
		6B510D091EC31703007BBBC6 /* Release */ = {
			isa = XCBuildConfiguration;
			buildSettings = {
				ASSETCATALOG_COMPILER_APPICON_NAME = AppIcon;
				DEVELOPMENT_TEAM = BW3X4QNV6N;
				INFOPLIST_FILE = RedEnvelopes/Info.plist;
				IPHONEOS_DEPLOYMENT_TARGET = 8.0;
				LD_RUNPATH_SEARCH_PATHS = "$(inherited) @executable_path/Frameworks";
				PRODUCT_BUNDLE_IDENTIFIER = kdhc.RedEnvelopes;
				PRODUCT_NAME = "$(TARGET_NAME)";
				TARGETED_DEVICE_FAMILY = "1,2";
			};
			name = Release;
		};
		6B510D0B1EC31703007BBBC6 /* Debug */ = {
			isa = XCBuildConfiguration;
			buildSettings = {
				BUNDLE_LOADER = "$(TEST_HOST)";
				DEVELOPMENT_TEAM = BW3X4QNV6N;
				INFOPLIST_FILE = RedEnvelopesTests/Info.plist;
				LD_RUNPATH_SEARCH_PATHS = "$(inherited) @executable_path/Frameworks @loader_path/Frameworks";
				PRODUCT_BUNDLE_IDENTIFIER = kdhc.RedEnvelopesTests;
				PRODUCT_NAME = "$(TARGET_NAME)";
				TEST_HOST = "$(BUILT_PRODUCTS_DIR)/RedEnvelopes.app/RedEnvelopes";
			};
			name = Debug;
		};
		6B510D0C1EC31703007BBBC6 /* Release */ = {
			isa = XCBuildConfiguration;
			buildSettings = {
				BUNDLE_LOADER = "$(TEST_HOST)";
				DEVELOPMENT_TEAM = BW3X4QNV6N;
				INFOPLIST_FILE = RedEnvelopesTests/Info.plist;
				LD_RUNPATH_SEARCH_PATHS = "$(inherited) @executable_path/Frameworks @loader_path/Frameworks";
				PRODUCT_BUNDLE_IDENTIFIER = kdhc.RedEnvelopesTests;
				PRODUCT_NAME = "$(TARGET_NAME)";
				TEST_HOST = "$(BUILT_PRODUCTS_DIR)/RedEnvelopes.app/RedEnvelopes";
			};
			name = Release;
		};
		6B510D0E1EC31703007BBBC6 /* Debug */ = {
			isa = XCBuildConfiguration;
			buildSettings = {
				DEVELOPMENT_TEAM = BW3X4QNV6N;
				INFOPLIST_FILE = RedEnvelopesUITests/Info.plist;
				LD_RUNPATH_SEARCH_PATHS = "$(inherited) @executable_path/Frameworks @loader_path/Frameworks";
				PRODUCT_BUNDLE_IDENTIFIER = kdhc.RedEnvelopesUITests;
				PRODUCT_NAME = "$(TARGET_NAME)";
				TEST_TARGET_NAME = RedEnvelopes;
			};
			name = Debug;
		};
		6B510D0F1EC31703007BBBC6 /* Release */ = {
			isa = XCBuildConfiguration;
			buildSettings = {
				DEVELOPMENT_TEAM = BW3X4QNV6N;
				INFOPLIST_FILE = RedEnvelopesUITests/Info.plist;
				LD_RUNPATH_SEARCH_PATHS = "$(inherited) @executable_path/Frameworks @loader_path/Frameworks";
				PRODUCT_BUNDLE_IDENTIFIER = kdhc.RedEnvelopesUITests;
				PRODUCT_NAME = "$(TARGET_NAME)";
				TEST_TARGET_NAME = RedEnvelopes;
			};
			name = Release;
		};
/* End XCBuildConfiguration section */

/* Begin XCConfigurationList section */
		6B510CD51EC31702007BBBC6 /* Build configuration list for PBXProject "RedEnvelopes" */ = {
			isa = XCConfigurationList;
			buildConfigurations = (
				6B510D051EC31703007BBBC6 /* Debug */,
				6B510D061EC31703007BBBC6 /* Release */,
			);
			defaultConfigurationIsVisible = 0;
			defaultConfigurationName = Release;
		};
		6B510D071EC31703007BBBC6 /* Build configuration list for PBXNativeTarget "RedEnvelopes" */ = {
			isa = XCConfigurationList;
			buildConfigurations = (
				6B510D081EC31703007BBBC6 /* Debug */,
				6B510D091EC31703007BBBC6 /* Release */,
			);
			defaultConfigurationIsVisible = 0;
		};
		6B510D0A1EC31703007BBBC6 /* Build configuration list for PBXNativeTarget "RedEnvelopesTests" */ = {
			isa = XCConfigurationList;
			buildConfigurations = (
				6B510D0B1EC31703007BBBC6 /* Debug */,
				6B510D0C1EC31703007BBBC6 /* Release */,
			);
			defaultConfigurationIsVisible = 0;
		};
		6B510D0D1EC31703007BBBC6 /* Build configuration list for PBXNativeTarget "RedEnvelopesUITests" */ = {
			isa = XCConfigurationList;
			buildConfigurations = (
				6B510D0E1EC31703007BBBC6 /* Debug */,
				6B510D0F1EC31703007BBBC6 /* Release */,
			);
			defaultConfigurationIsVisible = 0;
		};
/* End XCConfigurationList section */
	};
	rootObject = 6B510CD21EC31702007BBBC6 /* Project object */;
}
